
Microsoft Visual Studio Solution File, Format Version 12.00
# Visual Studio Version 17
VisualStudioVersion = 17.12.35506.116
MinimumVisualStudioVersion = 10.0.40219.1
Project("{FAE04EC0-301F-11D3-BF4B-00C04F79EFBC}") = "Aipazz.API", "Aipazz.API.csproj", "{07EF9B51-753B-4101-A9CE-F252F11D27D2}"
EndProject
Project("{FAE04EC0-301F-11D3-BF4B-00C04F79EFBC}") = "Aipazz.Application", "..\Aipazz.Application\Aipazz.Application.csproj", "{0856655A-F577-4F83-81FE-5D63D7C216FA}"
EndProject
Project("{FAE04EC0-301F-11D3-BF4B-00C04F79EFBC}") = "Aipazz.Domian", "..\Aipazz.Domian\Aipazz.Domian.csproj", "{2D69D79E-AF20-460B-B00A-AB6DCECF251D}"
EndProject
Project("{FAE04EC0-301F-11D3-BF4B-00C04F79EFBC}") = "AIpazz.Infrastructure", "..\AIpazz.Infrastructure\AIpazz.Infrastructure.csproj", "{FDDFF513-228C-4209-8FD0-8EABF5DE2269}"
EndProject
Global
	GlobalSection(SolutionConfigurationPlatforms) = preSolution
		Debug|Any CPU = Debug|Any CPU
		Release|Any CPU = Release|Any CPU
	EndGlobalSection
	GlobalSection(ProjectConfigurationPlatforms) = postSolution
		{07EF9B51-753B-4101-A9CE-F252F11D27D2}.Debug|Any CPU.ActiveCfg = Debug|Any CPU
		{07EF9B51-753B-4101-A9CE-F252F11D27D2}.Debug|Any CPU.Build.0 = Debug|Any CPU
		{07EF9B51-753B-4101-A9CE-F252F11D27D2}.Release|Any CPU.ActiveCfg = Release|Any CPU
		{07EF9B51-753B-4101-A9CE-F252F11D27D2}.Release|Any CPU.Build.0 = Release|Any CPU
		{0856655A-F577-4F83-81FE-5D63D7C216FA}.Debug|Any CPU.ActiveCfg = Debug|Any CPU
		{0856655A-F577-4F83-81FE-5D63D7C216FA}.Debug|Any CPU.Build.0 = Debug|Any CPU
		{0856655A-F577-4F83-81FE-5D63D7C216FA}.Release|Any CPU.ActiveCfg = Release|Any CPU
		{0856655A-F577-4F83-81FE-5D63D7C216FA}.Release|Any CPU.Build.0 = Release|Any CPU
		{2D69D79E-AF20-460B-B00A-AB6DCECF251D}.Debug|Any CPU.ActiveCfg = Debug|Any CPU
		{2D69D79E-AF20-460B-B00A-AB6DCECF251D}.Debug|Any CPU.Build.0 = Debug|Any CPU
		{2D69D79E-AF20-460B-B00A-AB6DCECF251D}.Release|Any CPU.ActiveCfg = Release|Any CPU
		{2D69D79E-AF20-460B-B00A-AB6DCECF251D}.Release|Any CPU.Build.0 = Release|Any CPU
		{FDDFF513-228C-4209-8FD0-8EABF5DE2269}.Debug|Any CPU.ActiveCfg = Debug|Any CPU
		{FDDFF513-228C-4209-8FD0-8EABF5DE2269}.Debug|Any CPU.Build.0 = Debug|Any CPU
		{FDDFF513-228C-4209-8FD0-8EABF5DE2269}.Release|Any CPU.ActiveCfg = Release|Any CPU
		{FDDFF513-228C-4209-8FD0-8EABF5DE2269}.Release|Any CPU.Build.0 = Release|Any CPU
	EndGlobalSection
	GlobalSection(SolutionProperties) = preSolution
		HideSolutionNode = FALSE
	EndGlobalSection
EndGlobal
