
Microsoft Visual Studio Solution File, Format Version 12.00
# Visual Studio Version 17
VisualStudioVersion = 17.12.35506.116 d17.12
MinimumVisualStudioVersion = 10.0.40219.1
Project("{FAE04EC0-301F-11D3-BF4B-00C04F79EFBC}") = "Aipazz.Domian", "Aipazz.Domian.csproj", "{731BCAEC-41A9-4CD3-904A-DA89765FA206}"
EndProject
Project("{FAE04EC0-301F-11D3-BF4B-00C04F79EFBC}") = "Aipazz.Application", "..\Aipazz.Application\Aipazz.Application.csproj", "{C4B18EB4-9E91-490A-BE04-C0441D235A4C}"
EndProject
Project("{FAE04EC0-301F-11D3-BF4B-00C04F79EFBC}") = "AIpazz.Infrastructure", "..\AIpazz.Infrastructure\AIpazz.Infrastructure.csproj", "{58B680E5-37A2-4FDF-9AE0-83B86C8B4A78}"
EndProject
Project("{FAE04EC0-301F-11D3-BF4B-00C04F79EFBC}") = "Aipazz.API", "..\Aipazz.API\Aipazz.API.csproj", "{F46997B3-17AE-43C2-BEE1-559102E0B1BA}"
EndProject
Global
	GlobalSection(SolutionConfigurationPlatforms) = preSolution
		Debug|Any CPU = Debug|Any CPU
		Release|Any CPU = Release|Any CPU
	EndGlobalSection
	GlobalSection(ProjectConfigurationPlatforms) = postSolution
		{731BCAEC-41A9-4CD3-904A-DA89765FA206}.Debug|Any CPU.ActiveCfg = Debug|Any CPU
		{731BCAEC-41A9-4CD3-904A-DA89765FA206}.Debug|Any CPU.Build.0 = Debug|Any CPU
		{731BCAEC-41A9-4CD3-904A-DA89765FA206}.Release|Any CPU.ActiveCfg = Release|Any CPU
		{731BCAEC-41A9-4CD3-904A-DA89765FA206}.Release|Any CPU.Build.0 = Release|Any CPU
		{C4B18EB4-9E91-490A-BE04-C0441D235A4C}.Debug|Any CPU.ActiveCfg = Debug|Any CPU
		{C4B18EB4-9E91-490A-BE04-C0441D235A4C}.Debug|Any CPU.Build.0 = Debug|Any CPU
		{C4B18EB4-9E91-490A-BE04-C0441D235A4C}.Release|Any CPU.ActiveCfg = Release|Any CPU
		{C4B18EB4-9E91-490A-BE04-C0441D235A4C}.Release|Any CPU.Build.0 = Release|Any CPU
		{58B680E5-37A2-4FDF-9AE0-83B86C8B4A78}.Debug|Any CPU.ActiveCfg = Debug|Any CPU
		{58B680E5-37A2-4FDF-9AE0-83B86C8B4A78}.Debug|Any CPU.Build.0 = Debug|Any CPU
		{58B680E5-37A2-4FDF-9AE0-83B86C8B4A78}.Release|Any CPU.ActiveCfg = Release|Any CPU
		{58B680E5-37A2-4FDF-9AE0-83B86C8B4A78}.Release|Any CPU.Build.0 = Release|Any CPU
		{F46997B3-17AE-43C2-BEE1-559102E0B1BA}.Debug|Any CPU.ActiveCfg = Debug|Any CPU
		{F46997B3-17AE-43C2-BEE1-559102E0B1BA}.Debug|Any CPU.Build.0 = Debug|Any CPU
		{F46997B3-17AE-43C2-BEE1-559102E0B1BA}.Release|Any CPU.ActiveCfg = Release|Any CPU
		{F46997B3-17AE-43C2-BEE1-559102E0B1BA}.Release|Any CPU.Build.0 = Release|Any CPU
	EndGlobalSection
	GlobalSection(SolutionProperties) = preSolution
		HideSolutionNode = FALSE
	EndGlobalSection
EndGlobal
